// !$*UTF8*$!
{
	archiveVersion = 1;
	classes = {
	};
	objectVersion = 46;
	objects = {

/* Begin PBXBuildFile section */
		871D9B31138A31BB0055A10B /* UIKit.framework in Frameworks */ = {isa = PBXBuildFile; fileRef = 871D9B30138A31BB0055A10B /* UIKit.framework */; };
		871D9B33138A31BB0055A10B /* Foundation.framework in Frameworks */ = {isa = PBXBuildFile; fileRef = 871D9B32138A31BB0055A10B /* Foundation.framework */; };
		871D9B35138A31BB0055A10B /* CoreGraphics.framework in Frameworks */ = {isa = PBXBuildFile; fileRef = 871D9B34138A31BB0055A10B /* CoreGraphics.framework */; };
		871D9B3B138A31BB0055A10B /* InfoPlist.strings in Resources */ = {isa = PBXBuildFile; fileRef = 871D9B39138A31BB0055A10B /* InfoPlist.strings */; };
		871D9B3E138A31BB0055A10B /* main.m in Sources */ = {isa = PBXBuildFile; fileRef = 871D9B3D138A31BB0055A10B /* main.m */; };
		871D9B41138A31BB0055A10B /* CartonAppDelegate.m in Sources */ = {isa = PBXBuildFile; fileRef = 871D9B40138A31BB0055A10B /* CartonAppDelegate.m */; };
		871D9B44138A31BB0055A10B /* MainWindow.xib in Resources */ = {isa = PBXBuildFile; fileRef = 871D9B42138A31BB0055A10B /* MainWindow.xib */; };
		871D9B47138A31BB0055A10B /* CartonViewController.m in Sources */ = {isa = PBXBuildFile; fileRef = 871D9B46138A31BB0055A10B /* CartonViewController.m */; };
		871D9B4A138A31BB0055A10B /* CartonViewController.xib in Resources */ = {isa = PBXBuildFile; fileRef = 871D9B48138A31BB0055A10B /* CartonViewController.xib */; };
		871D9B5D138A37650055A10B /* Package.png in Resources */ = {isa = PBXBuildFile; fileRef = 871D9B59138A37650055A10B /* Package.png */; };
		871D9B5E138A37650055A10B /* Package2.png in Resources */ = {isa = PBXBuildFile; fileRef = 871D9B5A138A37650055A10B /* Package2.png */; };
		871D9B5F138A37650055A10B /* Package2@2x.png in Resources */ = {isa = PBXBuildFile; fileRef = 871D9B5B138A37650055A10B /* Package2@2x.png */; };
		871D9B60138A37650055A10B /* Package@2x.png in Resources */ = {isa = PBXBuildFile; fileRef = 871D9B5C138A37650055A10B /* Package@2x.png */; };
		871D9B63138A38770055A10B /* QuartzCore.framework in Frameworks */ = {isa = PBXBuildFile; fileRef = 871D9B62138A38770055A10B /* QuartzCore.framework */; };
/* End PBXBuildFile section */

/* Begin PBXFileReference section */
		871D9B2C138A31BB0055A10B /* Carton.app */ = {isa = PBXFileReference; explicitFileType = wrapper.application; includeInIndex = 0; path = Carton.app; sourceTree = BUILT_PRODUCTS_DIR; };
		871D9B30138A31BB0055A10B /* UIKit.framework */ = {isa = PBXFileReference; lastKnownFileType = wrapper.framework; name = UIKit.framework; path = System/Library/Frameworks/UIKit.framework; sourceTree = SDKROOT; };
		871D9B32138A31BB0055A10B /* Foundation.framework */ = {isa = PBXFileReference; lastKnownFileType = wrapper.framework; name = Foundation.framework; path = System/Library/Frameworks/Foundation.framework; sourceTree = SDKROOT; };
		871D9B34138A31BB0055A10B /* CoreGraphics.framework */ = {isa = PBXFileReference; lastKnownFileType = wrapper.framework; name = CoreGraphics.framework; path = System/Library/Frameworks/CoreGraphics.framework; sourceTree = SDKROOT; };
		871D9B38138A31BB0055A10B /* Carton-Info.plist */ = {isa = PBXFileReference; lastKnownFileType = text.plist.xml; path = "Carton-Info.plist"; sourceTree = "<group>"; };
		871D9B3A138A31BB0055A10B /* en */ = {isa = PBXFileReference; lastKnownFileType = text.plist.strings; name = en; path = en.lproj/InfoPlist.strings; sourceTree = "<group>"; };
		871D9B3C138A31BB0055A10B /* Carton-Prefix.pch */ = {isa = PBXFileReference; lastKnownFileType = sourcecode.c.h; path = "Carton-Prefix.pch"; sourceTree = "<group>"; };
		871D9B3D138A31BB0055A10B /* main.m */ = {isa = PBXFileReference; lastKnownFileType = sourcecode.c.objc; path = main.m; sourceTree = "<group>"; };
		871D9B3F138A31BB0055A10B /* CartonAppDelegate.h */ = {isa = PBXFileReference; lastKnownFileType = sourcecode.c.h; path = CartonAppDelegate.h; sourceTree = "<group>"; };
		871D9B40138A31BB0055A10B /* CartonAppDelegate.m */ = {isa = PBXFileReference; lastKnownFileType = sourcecode.c.objc; path = CartonAppDelegate.m; sourceTree = "<group>"; };
		871D9B43138A31BB0055A10B /* en */ = {isa = PBXFileReference; lastKnownFileType = file.xib; name = en; path = en.lproj/MainWindow.xib; sourceTree = "<group>"; };
		871D9B45138A31BB0055A10B /* CartonViewController.h */ = {isa = PBXFileReference; lastKnownFileType = sourcecode.c.h; path = CartonViewController.h; sourceTree = "<group>"; };
		871D9B46138A31BB0055A10B /* CartonViewController.m */ = {isa = PBXFileReference; lastKnownFileType = sourcecode.c.objc; path = CartonViewController.m; sourceTree = "<group>"; };
		871D9B49138A31BB0055A10B /* en */ = {isa = PBXFileReference; lastKnownFileType = file.xib; name = en; path = en.lproj/CartonViewController.xib; sourceTree = "<group>"; };
		871D9B59138A37650055A10B /* Package.png */ = {isa = PBXFileReference; lastKnownFileType = image.png; path = Package.png; sourceTree = "<group>"; };
		871D9B5A138A37650055A10B /* Package2.png */ = {isa = PBXFileReference; lastKnownFileType = image.png; path = Package2.png; sourceTree = "<group>"; };
		871D9B5B138A37650055A10B /* Package2@2x.png */ = {isa = PBXFileReference; lastKnownFileType = image.png; path = "Package2@2x.png"; sourceTree = "<group>"; };
		871D9B5C138A37650055A10B /* Package@2x.png */ = {isa = PBXFileReference; lastKnownFileType = image.png; path = "Package@2x.png"; sourceTree = "<group>"; };
		871D9B62138A38770055A10B /* QuartzCore.framework */ = {isa = PBXFileReference; lastKnownFileType = wrapper.framework; name = QuartzCore.framework; path = System/Library/Frameworks/QuartzCore.framework; sourceTree = SDKROOT; };
/* End PBXFileReference section */

/* Begin PBXFrameworksBuildPhase section */
		871D9B29138A31BB0055A10B /* Frameworks */ = {
			isa = PBXFrameworksBuildPhase;
			buildActionMask = 2147483647;
			files = (
				871D9B63138A38770055A10B /* QuartzCore.framework in Frameworks */,
				871D9B31138A31BB0055A10B /* UIKit.framework in Frameworks */,
				871D9B33138A31BB0055A10B /* Foundation.framework in Frameworks */,
				871D9B35138A31BB0055A10B /* CoreGraphics.framework in Frameworks */,
			);
			runOnlyForDeploymentPostprocessing = 0;
		};
/* End PBXFrameworksBuildPhase section */

/* Begin PBXGroup section */
		871D9B21138A31BB0055A10B = {
			isa = PBXGroup;
			children = (
				871D9B36138A31BB0055A10B /* Carton */,
				871D9B2F138A31BB0055A10B /* Frameworks */,
				871D9B2D138A31BB0055A10B /* Products */,
			);
			sourceTree = "<group>";
		};
		871D9B2D138A31BB0055A10B /* Products */ = {
			isa = PBXGroup;
			children = (
				871D9B2C138A31BB0055A10B /* Carton.app */,
			);
			name = Products;
			sourceTree = "<group>";
		};
		871D9B2F138A31BB0055A10B /* Frameworks */ = {
			isa = PBXGroup;
			children = (
				871D9B62138A38770055A10B /* QuartzCore.framework */,
				871D9B30138A31BB0055A10B /* UIKit.framework */,
				871D9B32138A31BB0055A10B /* Foundation.framework */,
				871D9B34138A31BB0055A10B /* CoreGraphics.framework */,
			);
			name = Frameworks;
			sourceTree = "<group>";
		};
		871D9B36138A31BB0055A10B /* Carton */ = {
			isa = PBXGroup;
			children = (
				871D9B58138A37650055A10B /* Resources */,
				871D9B3F138A31BB0055A10B /* CartonAppDelegate.h */,
				871D9B40138A31BB0055A10B /* CartonAppDelegate.m */,
				871D9B42138A31BB0055A10B /* MainWindow.xib */,
				871D9B45138A31BB0055A10B /* CartonViewController.h */,
				871D9B46138A31BB0055A10B /* CartonViewController.m */,
				871D9B48138A31BB0055A10B /* CartonViewController.xib */,
				871D9B37138A31BB0055A10B /* Supporting Files */,
			);
			path = Carton;
			sourceTree = "<group>";
		};
		871D9B37138A31BB0055A10B /* Supporting Files */ = {
			isa = PBXGroup;
			children = (
				871D9B38138A31BB0055A10B /* Carton-Info.plist */,
				871D9B39138A31BB0055A10B /* InfoPlist.strings */,
				871D9B3C138A31BB0055A10B /* Carton-Prefix.pch */,
				871D9B3D138A31BB0055A10B /* main.m */,
			);
			name = "Supporting Files";
			sourceTree = "<group>";
		};
		871D9B58138A37650055A10B /* Resources */ = {
			isa = PBXGroup;
			children = (
				871D9B59138A37650055A10B /* Package.png */,
				871D9B5A138A37650055A10B /* Package2.png */,
				871D9B5B138A37650055A10B /* Package2@2x.png */,
				871D9B5C138A37650055A10B /* Package@2x.png */,
			);
			path = Resources;
			sourceTree = "<group>";
		};
/* End PBXGroup section */

/* Begin PBXNativeTarget section */
		871D9B2B138A31BB0055A10B /* Carton */ = {
			isa = PBXNativeTarget;
			buildConfigurationList = 871D9B4D138A31BB0055A10B /* Build configuration list for PBXNativeTarget "Carton" */;
			buildPhases = (
				871D9B28138A31BB0055A10B /* Sources */,
				871D9B29138A31BB0055A10B /* Frameworks */,
				871D9B2A138A31BB0055A10B /* Resources */,
			);
			buildRules = (
			);
			dependencies = (
			);
			name = Carton;
			productName = Carton;
			productReference = 871D9B2C138A31BB0055A10B /* Carton.app */;
			productType = "com.apple.product-type.application";
		};
/* End PBXNativeTarget section */

/* Begin PBXProject section */
		871D9B23138A31BB0055A10B /* Project object */ = {
			isa = PBXProject;
			attributes = {
				ORGANIZATIONNAME = "いります電算企画";
			};
			buildConfigurationList = 871D9B26138A31BB0055A10B /* Build configuration list for PBXProject "Carton" */;
			compatibilityVersion = "Xcode 3.2";
			developmentRegion = English;
			hasScannedForEncodings = 0;
			knownRegions = (
				en,
			);
			mainGroup = 871D9B21138A31BB0055A10B;
			productRefGroup = 871D9B2D138A31BB0055A10B /* Products */;
			projectDirPath = "";
			projectRoot = "";
			targets = (
				871D9B2B138A31BB0055A10B /* Carton */,
			);
		};
/* End PBXProject section */

/* Begin PBXResourcesBuildPhase section */
		871D9B2A138A31BB0055A10B /* Resources */ = {
			isa = PBXResourcesBuildPhase;
			buildActionMask = 2147483647;
			files = (
				871D9B3B138A31BB0055A10B /* InfoPlist.strings in Resources */,
				871D9B44138A31BB0055A10B /* MainWindow.xib in Resources */,
				871D9B4A138A31BB0055A10B /* CartonViewController.xib in Resources */,
				871D9B5D138A37650055A10B /* Package.png in Resources */,
				871D9B5E138A37650055A10B /* Package2.png in Resources */,
				871D9B5F138A37650055A10B /* Package2@2x.png in Resources */,
				871D9B60138A37650055A10B /* Package@2x.png in Resources */,
			);
			runOnlyForDeploymentPostprocessing = 0;
		};
/* End PBXResourcesBuildPhase section */

/* Begin PBXSourcesBuildPhase section */
		871D9B28138A31BB0055A10B /* Sources */ = {
			isa = PBXSourcesBuildPhase;
			buildActionMask = 2147483647;
			files = (
				871D9B3E138A31BB0055A10B /* main.m in Sources */,
				871D9B41138A31BB0055A10B /* CartonAppDelegate.m in Sources */,
				871D9B47138A31BB0055A10B /* CartonViewController.m in Sources */,
			);
			runOnlyForDeploymentPostprocessing = 0;
		};
/* End PBXSourcesBuildPhase section */

/* Begin PBXVariantGroup section */
		871D9B39138A31BB0055A10B /* InfoPlist.strings */ = {
			isa = PBXVariantGroup;
			children = (
				871D9B3A138A31BB0055A10B /* en */,
			);
			name = InfoPlist.strings;
			sourceTree = "<group>";
		};
		871D9B42138A31BB0055A10B /* MainWindow.xib */ = {
			isa = PBXVariantGroup;
			children = (
				871D9B43138A31BB0055A10B /* en */,
			);
			name = MainWindow.xib;
			sourceTree = "<group>";
		};
		871D9B48138A31BB0055A10B /* CartonViewController.xib */ = {
			isa = PBXVariantGroup;
			children = (
				871D9B49138A31BB0055A10B /* en */,
			);
			name = CartonViewController.xib;
			sourceTree = "<group>";
		};
/* End PBXVariantGroup section */

/* Begin XCBuildConfiguration section */
		871D9B4B138A31BB0055A10B /* Debug */ = {
			isa = XCBuildConfiguration;
			buildSettings = {
				ARCHS = "$(ARCHS_STANDARD_32_BIT)";
				"CODE_SIGN_IDENTITY[sdk=iphoneos*]" = "iPhone Developer";
				GCC_C_LANGUAGE_STANDARD = gnu99;
				GCC_OPTIMIZATION_LEVEL = 0;
				GCC_PREPROCESSOR_DEFINITIONS = DEBUG;
				GCC_SYMBOLS_PRIVATE_EXTERN = NO;
				GCC_VERSION = com.apple.compilers.llvmgcc42;
				GCC_WARN_ABOUT_RETURN_TYPE = YES;
				GCC_WARN_UNUSED_VARIABLE = YES;
				IPHONEOS_DEPLOYMENT_TARGET = 4.3;
				SDKROOT = iphoneos;
			};
			name = Debug;
		};
		871D9B4C138A31BB0055A10B /* Release */ = {
			isa = XCBuildConfiguration;
			buildSettings = {
				ARCHS = "$(ARCHS_STANDARD_32_BIT)";
				"CODE_SIGN_IDENTITY[sdk=iphoneos*]" = "iPhone Developer";
				GCC_C_LANGUAGE_STANDARD = gnu99;
				GCC_VERSION = com.apple.compilers.llvmgcc42;
				GCC_WARN_ABOUT_RETURN_TYPE = YES;
				GCC_WARN_UNUSED_VARIABLE = YES;
				IPHONEOS_DEPLOYMENT_TARGET = 4.3;
				OTHER_CFLAGS = "-DNS_BLOCK_ASSERTIONS=1";
				SDKROOT = iphoneos;
			};
			name = Release;
		};
		871D9B4E138A31BB0055A10B /* Debug */ = {
			isa = XCBuildConfiguration;
			buildSettings = {
				ALWAYS_SEARCH_USER_PATHS = NO;
				COPY_PHASE_STRIP = NO;
				GCC_DYNAMIC_NO_PIC = NO;
				GCC_PRECOMPILE_PREFIX_HEADER = YES;
				GCC_PREFIX_HEADER = "Carton/Carton-Prefix.pch";
				INFOPLIST_FILE = "Carton/Carton-Info.plist";
				PRODUCT_NAME = "$(TARGET_NAME)";
				WRAPPER_EXTENSION = app;
			};
			name = Debug;
		};
		871D9B4F138A31BB0055A10B /* Release */ = {
			isa = XCBuildConfiguration;
			buildSettings = {
				ALWAYS_SEARCH_USER_PATHS = NO;
				COPY_PHASE_STRIP = YES;
				GCC_PRECOMPILE_PREFIX_HEADER = YES;
				GCC_PREFIX_HEADER = "Carton/Carton-Prefix.pch";
				INFOPLIST_FILE = "Carton/Carton-Info.plist";
				PRODUCT_NAME = "$(TARGET_NAME)";
				VALIDATE_PRODUCT = YES;
				WRAPPER_EXTENSION = app;
			};
			name = Release;
		};
/* End XCBuildConfiguration section */

/* Begin XCConfigurationList section */
		871D9B26138A31BB0055A10B /* Build configuration list for PBXProject "Carton" */ = {
			isa = XCConfigurationList;
			buildConfigurations = (
				871D9B4B138A31BB0055A10B /* Debug */,
				871D9B4C138A31BB0055A10B /* Release */,
			);
			defaultConfigurationIsVisible = 0;
			defaultConfigurationName = Release;
		};
		871D9B4D138A31BB0055A10B /* Build configuration list for PBXNativeTarget "Carton" */ = {
			isa = XCConfigurationList;
			buildConfigurations = (
				871D9B4E138A31BB0055A10B /* Debug */,
				871D9B4F138A31BB0055A10B /* Release */,
			);
			defaultConfigurationIsVisible = 0;
			defaultConfigurationName = Release;
		};
/* End XCConfigurationList section */
	};
	rootObject = 871D9B23138A31BB0055A10B /* Project object */;
}
